<?xml version="1.0" encoding="utf-8"?>
<Project ToolsVersion="4.0" xmlns="http://schemas.microsoft.com/developer/msbuild/2003">
  <ItemGroup>
    <Filter Include="SnowNetCore">
      <UniqueIdentifier>{4FC737F1-C7A5-4376-A066-2A32D752A2FF}</UniqueIdentifier>
      <Extensions>cpp;c;cc;cxx;c++;cppm;ixx;def;odl;idl;hpj;bat;asm;asmx</Extensions>
    </Filter>
    <Filter Include="SnowNetCore\SnowThread">
      <UniqueIdentifier>{8116d920-c6b5-4b1a-97ad-84e8860d84ad}</UniqueIdentifier>
    </Filter>
    <Filter Include="SnowNetCore\Header">
      <UniqueIdentifier>{4453234a-63e0-4864-9709-2353ec275ed9}</UniqueIdentifier>
    </Filter>
    <Filter Include="SnowNetCore\SnowSession">
      <UniqueIdentifier>{39354ef7-ea8c-47ff-a1a6-372f3870a96e}</UniqueIdentifier>
    </Filter>
    <Filter Include="SnowNetCore\SnowSocket">
      <UniqueIdentifier>{771c3705-11bc-46f5-b9cc-fb8588f24889}</UniqueIdentifier>
    </Filter>
    <Filter Include="SnowNetCore\NetAddress">
      <UniqueIdentifier>{3272a751-f51c-4165-916f-c68ec8f8c8e4}</UniqueIdentifier>
    </Filter>
    <Filter Include="SnowNetCore\Utilty">
      <UniqueIdentifier>{a2b95b08-8704-4470-86cb-776545bd89da}</UniqueIdentifier>
    </Filter>
  </ItemGroup>
  <ItemGroup>
    <ClInclude Include="Buffer.h">
      <Filter>SnowNetCore\Header</Filter>
    </ClInclude>
    <ClInclude Include="DataTypes.h">
      <Filter>SnowNetCore\Header</Filter>
    </ClInclude>
    <ClInclude Include="DefineUtilty.h">
      <Filter>SnowNetCore\Header</Filter>
    </ClInclude>
    <ClInclude Include="SnowSession.h">
      <Filter>SnowNetCore\SnowSession</Filter>
    </ClInclude>
    <ClInclude Include="SnowThread.h">
      <Filter>SnowNetCore\SnowThread</Filter>
    </ClInclude>
    <ClInclude Include="SnowSocket.h">
      <Filter>SnowNetCore\SnowSocket</Filter>
    </ClInclude>
    <ClInclude Include="WindowsHeader.h">
      <Filter>SnowNetCore\Header</Filter>
    </ClInclude>
    <ClInclude Include="Singleton.h">
      <Filter>SnowNetCore\Header</Filter>
    </ClInclude>
    <ClInclude Include="NetAddress.h">
      <Filter>SnowNetCore\NetAddress</Filter>
    </ClInclude>
    <ClInclude Include="LogCollector.h">
      <Filter>SnowNetCore\Header</Filter>
    </ClInclude>
    <ClInclude Include="Lock.h">
      <Filter>SnowNetCore\Utilty</Filter>
    </ClInclude>
    <ClInclude Include="SocketPool.h">
      <Filter>SnowNetCore\Utilty</Filter>
    </ClInclude>
  </ItemGroup>
  <ItemGroup>
    <ClCompile Include="SnowSession.cpp">
      <Filter>SnowNetCore\SnowSession</Filter>
    </ClCompile>
    <ClCompile Include="SnowThread.cpp">
      <Filter>SnowNetCore\SnowThread</Filter>
    </ClCompile>
    <ClCompile Include="SnowSocket.cpp">
      <Filter>SnowNetCore\SnowSocket</Filter>
    </ClCompile>
    <ClCompile Include="NetAddress.cpp">
      <Filter>SnowNetCore\NetAddress</Filter>
    </ClCompile>
  </ItemGroup>
</Project>